
Microsoft Visual Studio Solution File, Format Version 12.00
# Visual Studio Version 16
VisualStudioVersion = 16.0.30907.101
MinimumVisualStudioVersion = 10.0.40219.1
Project("{FAE04EC0-301F-11D3-BF4B-00C04F79EFBC}") = "azure-hol-functions", "azure-hol-functions.csproj", "{70DB37FF-0DB5-441C-AB2D-CFE35BFECDDF}"
EndProject
Global
	GlobalSection(SolutionConfigurationPlatforms) = preSolution
		Debug|Any CPU = Debug|Any CPU
		Release|Any CPU = Release|Any CPU
	EndGlobalSection
	GlobalSection(ProjectConfigurationPlatforms) = postSolution
		{70DB37FF-0DB5-441C-AB2D-CFE35BFECDDF}.Debug|Any CPU.ActiveCfg = Debug|Any CPU
		{70DB37FF-0DB5-441C-AB2D-CFE35BFECDDF}.Debug|Any CPU.Build.0 = Debug|Any CPU
		{70DB37FF-0DB5-441C-AB2D-CFE35BFECDDF}.Release|Any CPU.ActiveCfg = Release|Any CPU
		{70DB37FF-0DB5-441C-AB2D-CFE35BFECDDF}.Release|Any CPU.Build.0 = Release|Any CPU
	EndGlobalSection
	GlobalSection(SolutionProperties) = preSolution
		HideSolutionNode = FALSE
	EndGlobalSection
	GlobalSection(ExtensibilityGlobals) = postSolution
		SolutionGuid = {01B01EE8-7028-4F89-BA78-7443A7A81527}
	EndGlobalSection
EndGlobal
